dependencies:
- name: gluon
  repository: oci://registry1.dso.mil/bigbang
  version: 0.5.15
- name: redis
  repository: oci://registry1.dso.mil/bigbang
  version: 20.11.4-bb.1
digest: sha256:873d2dc2359719c477bcdf74978e5ca82f9fd3be3b7863edcf6a4ccef12263a5
generated: "2025-04-01T15:38:52.77161-04:00"
