dependencies:
- name: gluon
  repository: oci://registry1.dso.mil/bigbang
  version: 0.9.6
- name: redis
  repository: oci://registry1.dso.mil/bigbang/maintained
  version: 23.1.1-bb.1
digest: sha256:82c8d459d2cad9f046d277e485af6eb48356b9d45908fc5cae4ea326dffafa80
generated: "2025-10-30T06:11:42.212121081Z"
